
Microsoft Visual Studio Solution File, Format Version 12.00
# Visual Studio Version 17
VisualStudioVersion = 17.4.33122.133
MinimumVisualStudioVersion = 10.0.40219.1
Project("{FAE04EC0-301F-11D3-BF4B-00C04F79EFBC}") = "ASPNETCORE app with repository pattern", "ASPNETCORE app with repository pattern\ASPNETCORE app with repository pattern.csproj", "{62FE9815-B55F-4BB0-867B-7A5AE8E40F50}"
EndProject
Global
	GlobalSection(SolutionConfigurationPlatforms) = preSolution
		Debug|Any CPU = Debug|Any CPU
		Release|Any CPU = Release|Any CPU
	EndGlobalSection
	GlobalSection(ProjectConfigurationPlatforms) = postSolution
		{62FE9815-B55F-4BB0-867B-7A5AE8E40F50}.Debug|Any CPU.ActiveCfg = Debug|Any CPU
		{62FE9815-B55F-4BB0-867B-7A5AE8E40F50}.Debug|Any CPU.Build.0 = Debug|Any CPU
		{62FE9815-B55F-4BB0-867B-7A5AE8E40F50}.Release|Any CPU.ActiveCfg = Release|Any CPU
		{62FE9815-B55F-4BB0-867B-7A5AE8E40F50}.Release|Any CPU.Build.0 = Release|Any CPU
	EndGlobalSection
	GlobalSection(SolutionProperties) = preSolution
		HideSolutionNode = FALSE
	EndGlobalSection
	GlobalSection(ExtensibilityGlobals) = postSolution
		SolutionGuid = {8BB21AA4-E17A-43F5-BFE9-6C610301586E}
	EndGlobalSection
EndGlobal
